# This file is automatically @generated by Cargo.
# It is not intended for manual editing.
version = 4

[[package]]
name = "font"
version = "0.1.0"

[[package]]
name = "terminal"
version = "0.1.0"
dependencies = [
 "font",
 "toyos-abi",
 "window",
]

[[package]]
name = "toyos-abi"
version = "0.1.0"

[[package]]
name = "window"
version = "0.1.0"
dependencies = [
 "font",
 "toyos-abi",
]
